// !$*UTF8*$!
{
	archiveVersion = 1;
	classes = {
	};
	objectVersion = 50;
	objects = {

/* Begin PBXBuildFile section */
		2540E9B02350F89300CC3D83 /* DeviceInfo.swift in Sources */ = {isa = PBXBuildFile; fileRef = 2540E9AF2350F89300CC3D83 /* DeviceInfo.swift */; };
		2558F34D235508D300BDF2DC /* MaintenanceTableViewCell.swift in Sources */ = {isa = PBXBuildFile; fileRef = 2558F34C235508D300BDF2DC /* MaintenanceTableViewCell.swift */; };
		2558F34F2355265400BDF2DC /* UpdateOdometerViewController.swift in Sources */ = {isa = PBXBuildFile; fileRef = 2558F34E2355265400BDF2DC /* UpdateOdometerViewController.swift */; };
		2558F3512356B02800BDF2DC /* AddMaintenanceTextViewController.swift in Sources */ = {isa = PBXBuildFile; fileRef = 2558F3502356B02800BDF2DC /* AddMaintenanceTextViewController.swift */; };
		2558F3532356BF1C00BDF2DC /* AddMaintenancePicAndPriceViewController.swift in Sources */ = {isa = PBXBuildFile; fileRef = 2558F3522356BF1C00BDF2DC /* AddMaintenancePicAndPriceViewController.swift */; };
		2568108F2347A7A800629AEA /* AppDelegate.swift in Sources */ = {isa = PBXBuildFile; fileRef = 2568108E2347A7A800629AEA /* AppDelegate.swift */; };
		256810912347A7A800629AEA /* SceneDelegate.swift in Sources */ = {isa = PBXBuildFile; fileRef = 256810902347A7A800629AEA /* SceneDelegate.swift */; };
		256810962347A7A800629AEA /* Main.storyboard in Resources */ = {isa = PBXBuildFile; fileRef = 256810942347A7A800629AEA /* Main.storyboard */; };
		256810992347A7A800629AEA /* AutoTracker.xcdatamodeld in Sources */ = {isa = PBXBuildFile; fileRef = 256810972347A7A800629AEA /* AutoTracker.xcdatamodeld */; };
		2568109B2347A7A900629AEA /* Assets.xcassets in Resources */ = {isa = PBXBuildFile; fileRef = 2568109A2347A7A900629AEA /* Assets.xcassets */; };
		2568109E2347A7A900629AEA /* LaunchScreen.storyboard in Resources */ = {isa = PBXBuildFile; fileRef = 2568109C2347A7A900629AEA /* LaunchScreen.storyboard */; };
		256810AA2347A80800629AEA /* CloudKit.framework in Frameworks */ = {isa = PBXBuildFile; fileRef = 256810A92347A80800629AEA /* CloudKit.framework */; };
		256810B12347AA6300629AEA /* Receipt+Convenience.swift in Sources */ = {isa = PBXBuildFile; fileRef = 256810B02347AA6300629AEA /* Receipt+Convenience.swift */; };
		256810B32347AAAE00629AEA /* Constants.swift in Sources */ = {isa = PBXBuildFile; fileRef = 256810B22347AAAE00629AEA /* Constants.swift */; };
		256810B52347AAE100629AEA /* Car+Convenience.swift in Sources */ = {isa = PBXBuildFile; fileRef = 256810B42347AAE100629AEA /* Car+Convenience.swift */; };
		256810B72347AB0C00629AEA /* CoreDataStack.swift in Sources */ = {isa = PBXBuildFile; fileRef = 256810B62347AB0C00629AEA /* CoreDataStack.swift */; };
		256810B92347AE0800629AEA /* CarController.swift in Sources */ = {isa = PBXBuildFile; fileRef = 256810B82347AE0800629AEA /* CarController.swift */; };
		256810BB2347D77200629AEA /* CarJsonCompliance.swift in Sources */ = {isa = PBXBuildFile; fileRef = 256810BA2347D77200629AEA /* CarJsonCompliance.swift */; };
		256810BD2347F1DA00629AEA /* LocationManager.swift in Sources */ = {isa = PBXBuildFile; fileRef = 256810BC2347F1DA00629AEA /* LocationManager.swift */; };
		256810BF2347F40D00629AEA /* Maintanence+Convenience.swift in Sources */ = {isa = PBXBuildFile; fileRef = 256810BE2347F40D00629AEA /* Maintanence+Convenience.swift */; };
		256810C8234A35AE00629AEA /* MyGarageViewController.swift in Sources */ = {isa = PBXBuildFile; fileRef = 256810C7234A35AE00629AEA /* MyGarageViewController.swift */; };
		256810CC234BB63C00629AEA /* AutoTrackerButtonAsLabelStyle.swift in Sources */ = {isa = PBXBuildFile; fileRef = 256810CB234BB63C00629AEA /* AutoTrackerButtonAsLabelStyle.swift */; };
		256810D0234BDF0800629AEA /* MaintanenceDetailTableViewController.swift in Sources */ = {isa = PBXBuildFile; fileRef = 256810CF234BDF0800629AEA /* MaintanenceDetailTableViewController.swift */; };
		256810D4234BE77800629AEA /* TextFieldStyle.swift in Sources */ = {isa = PBXBuildFile; fileRef = 256810D3234BE77800629AEA /* TextFieldStyle.swift */; };
		256810D6234BED2800629AEA /* AddMaintenanceTableViewController.swift in Sources */ = {isa = PBXBuildFile; fileRef = 256810D5234BED2800629AEA /* AddMaintenanceTableViewController.swift */; };
		25BDF71D234EC8BB009DD2E2 /* AddCarByVinViewController.swift in Sources */ = {isa = PBXBuildFile; fileRef = 25BDF71C234EC8BB009DD2E2 /* AddCarByVinViewController.swift */; };
		25BDF71F234FB9DB009DD2E2 /* FinalCheckForVinViewController.swift in Sources */ = {isa = PBXBuildFile; fileRef = 25BDF71E234FB9DB009DD2E2 /* FinalCheckForVinViewController.swift */; };
		25BDF721234FCA01009DD2E2 /* Reachability.swift in Sources */ = {isa = PBXBuildFile; fileRef = 25BDF720234FCA01009DD2E2 /* Reachability.swift */; };
		25C056EC234D16860000D848 /* MapViewController.swift in Sources */ = {isa = PBXBuildFile; fileRef = 25C056EB234D16860000D848 /* MapViewController.swift */; };
		25C056EE234D1C690000D848 /* Place.swift in Sources */ = {isa = PBXBuildFile; fileRef = 25C056ED234D1C690000D848 /* Place.swift */; };
		25C056F2234D38A40000D848 /* MapController.swift in Sources */ = {isa = PBXBuildFile; fileRef = 25C056F1234D38A40000D848 /* MapController.swift */; };
		4202233E234FAAC2006C60F6 /* CustomTabBarController.swift in Sources */ = {isa = PBXBuildFile; fileRef = 4202233D234FAAC2006C60F6 /* CustomTabBarController.swift */; };
		42022340234FC48D006C60F6 /* Colors.xcassets in Resources */ = {isa = PBXBuildFile; fileRef = 4202233F234FC48D006C60F6 /* Colors.xcassets */; };
		420223432350D31E006C60F6 /* Nunito-Regular.ttf in Resources */ = {isa = PBXBuildFile; fileRef = 42022342234FDC66006C60F6 /* Nunito-Regular.ttf */; };
		423925242347B02F00EABF16 /* FindGas.storyboard in Resources */ = {isa = PBXBuildFile; fileRef = 423925222347B02F00EABF16 /* FindGas.storyboard */; };
		423925262347B03D00EABF16 /* Record.storyboard in Resources */ = {isa = PBXBuildFile; fileRef = 423925252347B03D00EABF16 /* Record.storyboard */; };
		423925292347B04B00EABF16 /* Home.storyboard in Resources */ = {isa = PBXBuildFile; fileRef = 423925272347B04B00EABF16 /* Home.storyboard */; };
		4239252B2347B05700EABF16 /* Maintain.storyboard in Resources */ = {isa = PBXBuildFile; fileRef = 4239252A2347B05700EABF16 /* Maintain.storyboard */; };
		4239252E2347B06400EABF16 /* MyGarage.storyboard in Resources */ = {isa = PBXBuildFile; fileRef = 4239252C2347B06400EABF16 /* MyGarage.storyboard */; };
		423925322347D72500EABF16 /* StyleGuide.swift in Sources */ = {isa = PBXBuildFile; fileRef = 423925312347D72500EABF16 /* StyleGuide.swift */; };
		423925342347D75D00EABF16 /* AutoTrackerLabel.swift in Sources */ = {isa = PBXBuildFile; fileRef = 423925332347D75D00EABF16 /* AutoTrackerLabel.swift */; };
		423925362347DBDF00EABF16 /* MyGarageTableViewCell.swift in Sources */ = {isa = PBXBuildFile; fileRef = 423925352347DBDF00EABF16 /* MyGarageTableViewCell.swift */; };
		423925382347F0E000EABF16 /* ReceiptController.swift in Sources */ = {isa = PBXBuildFile; fileRef = 423925372347F0E000EABF16 /* ReceiptController.swift */; };
		428C8E952352CDEA00AA2E2F /* ReceiptHistoryTableViewController.swift in Sources */ = {isa = PBXBuildFile; fileRef = 428C8E942352CDEA00AA2E2F /* ReceiptHistoryTableViewController.swift */; };
		428C8E972352D0A600AA2E2F /* ReceiptTableViewCell.swift in Sources */ = {isa = PBXBuildFile; fileRef = 428C8E962352D0A600AA2E2F /* ReceiptTableViewCell.swift */; };
		428F7CCB2354EE0D006531FC /* ReceiptEntryViewController.swift in Sources */ = {isa = PBXBuildFile; fileRef = 428F7CCA2354EE0D006531FC /* ReceiptEntryViewController.swift */; };
		42A32331234B965800B130A0 /* HomeViewController.swift in Sources */ = {isa = PBXBuildFile; fileRef = 42A32330234B965800B130A0 /* HomeViewController.swift */; };
		42A32333234B9E9900B130A0 /* DateHelper.swift in Sources */ = {isa = PBXBuildFile; fileRef = 42A32332234B9E9900B130A0 /* DateHelper.swift */; };
		42A32335234BB05000B130A0 /* RecordViewController.swift in Sources */ = {isa = PBXBuildFile; fileRef = 42A32334234BB05000B130A0 /* RecordViewController.swift */; };
		42A32337234BB7FF00B130A0 /* OdometerViewController.swift in Sources */ = {isa = PBXBuildFile; fileRef = 42A32336234BB7FF00B130A0 /* OdometerViewController.swift */; };
		42A32339234BD4A400B130A0 /* HistoryViewController.swift in Sources */ = {isa = PBXBuildFile; fileRef = 42A32338234BD4A400B130A0 /* HistoryViewController.swift */; };
		42A3233B234BE48200B130A0 /* AutoTrackerTextField.swift in Sources */ = {isa = PBXBuildFile; fileRef = 42A3233A234BE48200B130A0 /* AutoTrackerTextField.swift */; };
		42A3233F234BEBF300B130A0 /* ReceiptHistoryViewController.swift in Sources */ = {isa = PBXBuildFile; fileRef = 42A3233E234BEBF300B130A0 /* ReceiptHistoryViewController.swift */; };
		42A32341234BEFCC00B130A0 /* ReceiptCollectionViewCell.swift in Sources */ = {isa = PBXBuildFile; fileRef = 42A32340234BEFCC00B130A0 /* ReceiptCollectionViewCell.swift */; };
		42CD62E42350D75A001A4B12 /* Nunito-Bold.ttf in Resources */ = {isa = PBXBuildFile; fileRef = 42CD62E32350D75A001A4B12 /* Nunito-Bold.ttf */; };
		42DFEDAC234E2D42004C40D7 /* AddCarTableViewController.swift in Sources */ = {isa = PBXBuildFile; fileRef = 42DFEDAB234E2D42004C40D7 /* AddCarTableViewController.swift */; };
		42E0E982234D04EB00A2ADD5 /* AddReceiptTableViewController.swift in Sources */ = {isa = PBXBuildFile; fileRef = 42E0E981234D04EB00A2ADD5 /* AddReceiptTableViewController.swift */; };
/* End PBXBuildFile section */

/* Begin PBXFileReference section */
		2540E9AF2350F89300CC3D83 /* DeviceInfo.swift */ = {isa = PBXFileReference; lastKnownFileType = sourcecode.swift; path = DeviceInfo.swift; sourceTree = "<group>"; };
		2558F34C235508D300BDF2DC /* MaintenanceTableViewCell.swift */ = {isa = PBXFileReference; lastKnownFileType = sourcecode.swift; path = MaintenanceTableViewCell.swift; sourceTree = "<group>"; };
		2558F34E2355265400BDF2DC /* UpdateOdometerViewController.swift */ = {isa = PBXFileReference; lastKnownFileType = sourcecode.swift; path = UpdateOdometerViewController.swift; sourceTree = "<group>"; };
		2558F3502356B02800BDF2DC /* AddMaintenanceTextViewController.swift */ = {isa = PBXFileReference; lastKnownFileType = sourcecode.swift; path = AddMaintenanceTextViewController.swift; sourceTree = "<group>"; };
		2558F3522356BF1C00BDF2DC /* AddMaintenancePicAndPriceViewController.swift */ = {isa = PBXFileReference; lastKnownFileType = sourcecode.swift; path = AddMaintenancePicAndPriceViewController.swift; sourceTree = "<group>"; };
		2568108B2347A7A800629AEA /* AutoTracker.app */ = {isa = PBXFileReference; explicitFileType = wrapper.application; includeInIndex = 0; path = AutoTracker.app; sourceTree = BUILT_PRODUCTS_DIR; };
		2568108E2347A7A800629AEA /* AppDelegate.swift */ = {isa = PBXFileReference; lastKnownFileType = sourcecode.swift; path = AppDelegate.swift; sourceTree = "<group>"; };
		256810902347A7A800629AEA /* SceneDelegate.swift */ = {isa = PBXFileReference; lastKnownFileType = sourcecode.swift; path = SceneDelegate.swift; sourceTree = "<group>"; };
		256810952347A7A800629AEA /* Base */ = {isa = PBXFileReference; lastKnownFileType = file.storyboard; name = Base; path = Base.lproj/Main.storyboard; sourceTree = "<group>"; };
		256810982347A7A800629AEA /* AutoTracker.xcdatamodel */ = {isa = PBXFileReference; lastKnownFileType = wrapper.xcdatamodel; path = AutoTracker.xcdatamodel; sourceTree = "<group>"; };
		2568109A2347A7A900629AEA /* Assets.xcassets */ = {isa = PBXFileReference; lastKnownFileType = folder.assetcatalog; path = Assets.xcassets; sourceTree = "<group>"; };
		2568109D2347A7A900629AEA /* Base */ = {isa = PBXFileReference; lastKnownFileType = file.storyboard; name = Base; path = Base.lproj/LaunchScreen.storyboard; sourceTree = "<group>"; };
		2568109F2347A7A900629AEA /* Info.plist */ = {isa = PBXFileReference; lastKnownFileType = text.plist.xml; path = Info.plist; sourceTree = "<group>"; };
		256810A72347A80500629AEA /* AutoTracker.entitlements */ = {isa = PBXFileReference; lastKnownFileType = text.plist.entitlements; path = AutoTracker.entitlements; sourceTree = "<group>"; };
		256810A92347A80800629AEA /* CloudKit.framework */ = {isa = PBXFileReference; lastKnownFileType = wrapper.framework; name = CloudKit.framework; path = System/Library/Frameworks/CloudKit.framework; sourceTree = SDKROOT; };
		256810B02347AA6300629AEA /* Receipt+Convenience.swift */ = {isa = PBXFileReference; lastKnownFileType = sourcecode.swift; path = "Receipt+Convenience.swift"; sourceTree = "<group>"; };
		256810B22347AAAE00629AEA /* Constants.swift */ = {isa = PBXFileReference; lastKnownFileType = sourcecode.swift; path = Constants.swift; sourceTree = "<group>"; };
		256810B42347AAE100629AEA /* Car+Convenience.swift */ = {isa = PBXFileReference; lastKnownFileType = sourcecode.swift; path = "Car+Convenience.swift"; sourceTree = "<group>"; };
		256810B62347AB0C00629AEA /* CoreDataStack.swift */ = {isa = PBXFileReference; lastKnownFileType = sourcecode.swift; path = CoreDataStack.swift; sourceTree = "<group>"; };
		256810B82347AE0800629AEA /* CarController.swift */ = {isa = PBXFileReference; lastKnownFileType = sourcecode.swift; path = CarController.swift; sourceTree = "<group>"; };
		256810BA2347D77200629AEA /* CarJsonCompliance.swift */ = {isa = PBXFileReference; lastKnownFileType = sourcecode.swift; path = CarJsonCompliance.swift; sourceTree = "<group>"; };
		256810BC2347F1DA00629AEA /* LocationManager.swift */ = {isa = PBXFileReference; lastKnownFileType = sourcecode.swift; path = LocationManager.swift; sourceTree = "<group>"; };
		256810BE2347F40D00629AEA /* Maintanence+Convenience.swift */ = {isa = PBXFileReference; lastKnownFileType = sourcecode.swift; path = "Maintanence+Convenience.swift"; sourceTree = "<group>"; };
		256810C7234A35AE00629AEA /* MyGarageViewController.swift */ = {isa = PBXFileReference; lastKnownFileType = sourcecode.swift; name = MyGarageViewController.swift; path = "AutoTracker/View Controllers/MyGarage/MyGarageViewController.swift"; sourceTree = SOURCE_ROOT; };
		256810CB234BB63C00629AEA /* AutoTrackerButtonAsLabelStyle.swift */ = {isa = PBXFileReference; lastKnownFileType = sourcecode.swift; name = AutoTrackerButtonAsLabelStyle.swift; path = "AutoTracker/View Controllers/AutoTrackerButtonAsLabelStyle.swift"; sourceTree = SOURCE_ROOT; };
		256810CF234BDF0800629AEA /* MaintanenceDetailTableViewController.swift */ = {isa = PBXFileReference; lastKnownFileType = sourcecode.swift; path = MaintanenceDetailTableViewController.swift; sourceTree = "<group>"; };
		256810D3234BE77800629AEA /* TextFieldStyle.swift */ = {isa = PBXFileReference; lastKnownFileType = sourcecode.swift; name = TextFieldStyle.swift; path = "AutoTracker/View Controllers/TextFieldStyle.swift"; sourceTree = SOURCE_ROOT; };
		256810D5234BED2800629AEA /* AddMaintenanceTableViewController.swift */ = {isa = PBXFileReference; lastKnownFileType = sourcecode.swift; path = AddMaintenanceTableViewController.swift; sourceTree = "<group>"; };
		25BDF71C234EC8BB009DD2E2 /* AddCarByVinViewController.swift */ = {isa = PBXFileReference; lastKnownFileType = sourcecode.swift; path = AddCarByVinViewController.swift; sourceTree = "<group>"; };
		25BDF71E234FB9DB009DD2E2 /* FinalCheckForVinViewController.swift */ = {isa = PBXFileReference; lastKnownFileType = sourcecode.swift; path = FinalCheckForVinViewController.swift; sourceTree = "<group>"; };
		25BDF720234FCA01009DD2E2 /* Reachability.swift */ = {isa = PBXFileReference; lastKnownFileType = sourcecode.swift; path = Reachability.swift; sourceTree = "<group>"; };
		25C056EB234D16860000D848 /* MapViewController.swift */ = {isa = PBXFileReference; lastKnownFileType = sourcecode.swift; path = MapViewController.swift; sourceTree = "<group>"; };
		25C056ED234D1C690000D848 /* Place.swift */ = {isa = PBXFileReference; lastKnownFileType = sourcecode.swift; path = Place.swift; sourceTree = "<group>"; };
		25C056F1234D38A40000D848 /* MapController.swift */ = {isa = PBXFileReference; lastKnownFileType = sourcecode.swift; path = MapController.swift; sourceTree = "<group>"; };
		4202233D234FAAC2006C60F6 /* CustomTabBarController.swift */ = {isa = PBXFileReference; lastKnownFileType = sourcecode.swift; path = CustomTabBarController.swift; sourceTree = "<group>"; };
		4202233F234FC48D006C60F6 /* Colors.xcassets */ = {isa = PBXFileReference; lastKnownFileType = folder.assetcatalog; path = Colors.xcassets; sourceTree = "<group>"; };
		42022342234FDC66006C60F6 /* Nunito-Regular.ttf */ = {isa = PBXFileReference; lastKnownFileType = file; path = "Nunito-Regular.ttf"; sourceTree = "<group>"; };
		423925232347B02F00EABF16 /* Base */ = {isa = PBXFileReference; lastKnownFileType = file.storyboard; name = Base; path = AutoTracker/StoryBoards/Base.lproj/FindGas.storyboard; sourceTree = "<group>"; };
		423925252347B03D00EABF16 /* Record.storyboard */ = {isa = PBXFileReference; fileEncoding = 4; lastKnownFileType = file.storyboard; path = Record.storyboard; sourceTree = "<group>"; };
		423925282347B04B00EABF16 /* Base */ = {isa = PBXFileReference; lastKnownFileType = file.storyboard; name = Base; path = AutoTracker/StoryBoards/Base.lproj/Home.storyboard; sourceTree = "<group>"; };
		4239252A2347B05700EABF16 /* Maintain.storyboard */ = {isa = PBXFileReference; fileEncoding = 4; lastKnownFileType = file.storyboard; path = Maintain.storyboard; sourceTree = "<group>"; };
		4239252D2347B06400EABF16 /* Base */ = {isa = PBXFileReference; lastKnownFileType = file.storyboard; name = Base; path = AutoTracker/StoryBoards/Base.lproj/MyGarage.storyboard; sourceTree = "<group>"; };
		423925312347D72500EABF16 /* StyleGuide.swift */ = {isa = PBXFileReference; lastKnownFileType = sourcecode.swift; name = StyleGuide.swift; path = "AutoTracker/Core Data Stack/StyleGuide.swift"; sourceTree = SOURCE_ROOT; };
		423925332347D75D00EABF16 /* AutoTrackerLabel.swift */ = {isa = PBXFileReference; lastKnownFileType = sourcecode.swift; name = AutoTrackerLabel.swift; path = "AutoTracker/Core Data Stack/AutoTrackerLabel.swift"; sourceTree = SOURCE_ROOT; };
		423925352347DBDF00EABF16 /* MyGarageTableViewCell.swift */ = {isa = PBXFileReference; lastKnownFileType = sourcecode.swift; name = MyGarageTableViewCell.swift; path = "AutoTracker/View Controllers/MyGarage/MyGarageTableViewCell.swift"; sourceTree = SOURCE_ROOT; };
		423925372347F0E000EABF16 /* ReceiptController.swift */ = {isa = PBXFileReference; lastKnownFileType = sourcecode.swift; path = ReceiptController.swift; sourceTree = "<group>"; };
		428C8E942352CDEA00AA2E2F /* ReceiptHistoryTableViewController.swift */ = {isa = PBXFileReference; lastKnownFileType = sourcecode.swift; path = ReceiptHistoryTableViewController.swift; sourceTree = "<group>"; };
		428C8E962352D0A600AA2E2F /* ReceiptTableViewCell.swift */ = {isa = PBXFileReference; lastKnownFileType = sourcecode.swift; path = ReceiptTableViewCell.swift; sourceTree = "<group>"; };
		428F7CCA2354EE0D006531FC /* ReceiptEntryViewController.swift */ = {isa = PBXFileReference; lastKnownFileType = sourcecode.swift; path = ReceiptEntryViewController.swift; sourceTree = "<group>"; };
		42A32330234B965800B130A0 /* HomeViewController.swift */ = {isa = PBXFileReference; lastKnownFileType = sourcecode.swift; path = HomeViewController.swift; sourceTree = "<group>"; };
		42A32332234B9E9900B130A0 /* DateHelper.swift */ = {isa = PBXFileReference; lastKnownFileType = sourcecode.swift; name = DateHelper.swift; path = "AutoTracker/View Controllers/DateHelper.swift"; sourceTree = SOURCE_ROOT; };
		42A32334234BB05000B130A0 /* RecordViewController.swift */ = {isa = PBXFileReference; lastKnownFileType = sourcecode.swift; path = RecordViewController.swift; sourceTree = "<group>"; };
		42A32336234BB7FF00B130A0 /* OdometerViewController.swift */ = {isa = PBXFileReference; lastKnownFileType = sourcecode.swift; path = OdometerViewController.swift; sourceTree = "<group>"; };
		42A32338234BD4A400B130A0 /* HistoryViewController.swift */ = {isa = PBXFileReference; lastKnownFileType = sourcecode.swift; path = HistoryViewController.swift; sourceTree = "<group>"; };
		42A3233A234BE48200B130A0 /* AutoTrackerTextField.swift */ = {isa = PBXFileReference; lastKnownFileType = sourcecode.swift; name = AutoTrackerTextField.swift; path = "AutoTracker/View Controllers/AutoTrackerTextField.swift"; sourceTree = SOURCE_ROOT; };
		42A3233E234BEBF300B130A0 /* ReceiptHistoryViewController.swift */ = {isa = PBXFileReference; lastKnownFileType = sourcecode.swift; path = ReceiptHistoryViewController.swift; sourceTree = "<group>"; };
		42A32340234BEFCC00B130A0 /* ReceiptCollectionViewCell.swift */ = {isa = PBXFileReference; lastKnownFileType = sourcecode.swift; path = ReceiptCollectionViewCell.swift; sourceTree = "<group>"; };
		42CD62E32350D75A001A4B12 /* Nunito-Bold.ttf */ = {isa = PBXFileReference; lastKnownFileType = file; path = "Nunito-Bold.ttf"; sourceTree = "<group>"; };
		42DFEDAB234E2D42004C40D7 /* AddCarTableViewController.swift */ = {isa = PBXFileReference; lastKnownFileType = sourcecode.swift; path = AddCarTableViewController.swift; sourceTree = "<group>"; };
		42E0E981234D04EB00A2ADD5 /* AddReceiptTableViewController.swift */ = {isa = PBXFileReference; lastKnownFileType = sourcecode.swift; path = AddReceiptTableViewController.swift; sourceTree = "<group>"; };
/* End PBXFileReference section */

/* Begin PBXFrameworksBuildPhase section */
		256810882347A7A800629AEA /* Frameworks */ = {
			isa = PBXFrameworksBuildPhase;
			buildActionMask = 2147483647;
			files = (
				256810AA2347A80800629AEA /* CloudKit.framework in Frameworks */,
			);
			runOnlyForDeploymentPostprocessing = 0;
		};
/* End PBXFrameworksBuildPhase section */

/* Begin PBXGroup section */
		256810822347A7A800629AEA = {
			isa = PBXGroup;
			children = (
				2568108D2347A7A800629AEA /* AutoTracker */,
				2568108C2347A7A800629AEA /* Products */,
				256810A82347A80800629AEA /* Frameworks */,
			);
			sourceTree = "<group>";
		};
		2568108C2347A7A800629AEA /* Products */ = {
			isa = PBXGroup;
			children = (
				2568108B2347A7A800629AEA /* AutoTracker.app */,
			);
			name = Products;
			sourceTree = "<group>";
		};
		2568108D2347A7A800629AEA /* AutoTracker */ = {
			isa = PBXGroup;
			children = (
				256810AC2347A88500629AEA /* StoryBoards */,
				256810AF2347A91E00629AEA /* Model Controller */,
				256810A62347A7E000629AEA /* Model+Convenience */,
				256810A52347A7DA00629AEA /* Core Data Stack */,
				256810AE2347A8A800629AEA /* Resources */,
				256810AD2347A88800629AEA /* View Controllers */,
				256810AB2347A88300629AEA /* UI */,
				256810A72347A80500629AEA /* AutoTracker.entitlements */,
				2568109F2347A7A900629AEA /* Info.plist */,
				256810972347A7A800629AEA /* AutoTracker.xcdatamodeld */,
			);
			path = AutoTracker;
			sourceTree = "<group>";
		};
		256810A52347A7DA00629AEA /* Core Data Stack */ = {
			isa = PBXGroup;
			children = (
				256810B62347AB0C00629AEA /* CoreDataStack.swift */,
			);
			path = "Core Data Stack";
			sourceTree = "<group>";
		};
		256810A62347A7E000629AEA /* Model+Convenience */ = {
			isa = PBXGroup;
			children = (
				256810B02347AA6300629AEA /* Receipt+Convenience.swift */,
				256810B22347AAAE00629AEA /* Constants.swift */,
				256810B42347AAE100629AEA /* Car+Convenience.swift */,
				256810BA2347D77200629AEA /* CarJsonCompliance.swift */,
				256810BE2347F40D00629AEA /* Maintanence+Convenience.swift */,
				25C056ED234D1C690000D848 /* Place.swift */,
			);
			path = "Model+Convenience";
			sourceTree = "<group>";
		};
		256810A82347A80800629AEA /* Frameworks */ = {
			isa = PBXGroup;
			children = (
				256810A92347A80800629AEA /* CloudKit.framework */,
			);
			name = Frameworks;
			sourceTree = "<group>";
		};
		256810AB2347A88300629AEA /* UI */ = {
			isa = PBXGroup;
			children = (
				423925312347D72500EABF16 /* StyleGuide.swift */,
				423925332347D75D00EABF16 /* AutoTrackerLabel.swift */,
				256810CB234BB63C00629AEA /* AutoTrackerButtonAsLabelStyle.swift */,
				42A32332234B9E9900B130A0 /* DateHelper.swift */,
				256810D3234BE77800629AEA /* TextFieldStyle.swift */,
				42A3233A234BE48200B130A0 /* AutoTrackerTextField.swift */,
			);
			path = UI;
			sourceTree = "<group>";
		};
		256810AC2347A88500629AEA /* StoryBoards */ = {
			isa = PBXGroup;
			children = (
				2568109C2347A7A900629AEA /* LaunchScreen.storyboard */,
				256810942347A7A800629AEA /* Main.storyboard */,
				423925222347B02F00EABF16 /* FindGas.storyboard */,
				423925252347B03D00EABF16 /* Record.storyboard */,
				423925272347B04B00EABF16 /* Home.storyboard */,
				4239252A2347B05700EABF16 /* Maintain.storyboard */,
				4239252C2347B06400EABF16 /* MyGarage.storyboard */,
			);
			path = StoryBoards;
			sourceTree = "<group>";
		};
		256810AD2347A88800629AEA /* View Controllers */ = {
			isa = PBXGroup;
			children = (
				25C056EA234CFBEC0000D848 /* Map */,
				256810D8234C121000629AEA /* Maintenance */,
				256810D7234C120200629AEA /* MyGarage */,
				42A32330234B965800B130A0 /* HomeViewController.swift */,
				4202233D234FAAC2006C60F6 /* CustomTabBarController.swift */,
				42A32334234BB05000B130A0 /* RecordViewController.swift */,
				42A32336234BB7FF00B130A0 /* OdometerViewController.swift */,
				42DFEDAA234DA121004C40D7 /* Record */,
			);
			path = "View Controllers";
			sourceTree = "<group>";
		};
		256810AE2347A8A800629AEA /* Resources */ = {
			isa = PBXGroup;
			children = (
				2568108E2347A7A800629AEA /* AppDelegate.swift */,
				2568109A2347A7A900629AEA /* Assets.xcassets */,
				4202233F234FC48D006C60F6 /* Colors.xcassets */,
				42022341234FDC56006C60F6 /* Fonts */,
				256810902347A7A800629AEA /* SceneDelegate.swift */,
				256810BC2347F1DA00629AEA /* LocationManager.swift */,
				25BDF720234FCA01009DD2E2 /* Reachability.swift */,
				2540E9AF2350F89300CC3D83 /* DeviceInfo.swift */,
			);
			path = Resources;
			sourceTree = "<group>";
		};
		256810AF2347A91E00629AEA /* Model Controller */ = {
			isa = PBXGroup;
			children = (
				256810B82347AE0800629AEA /* CarController.swift */,
				423925372347F0E000EABF16 /* ReceiptController.swift */,
				25C056F1234D38A40000D848 /* MapController.swift */,
			);
			path = "Model Controller";
			sourceTree = "<group>";
		};
		256810D7234C120200629AEA /* MyGarage */ = {
			isa = PBXGroup;
			children = (
				423925352347DBDF00EABF16 /* MyGarageTableViewCell.swift */,
				256810C7234A35AE00629AEA /* MyGarageViewController.swift */,
				42DFEDAB234E2D42004C40D7 /* AddCarTableViewController.swift */,
				25BDF71C234EC8BB009DD2E2 /* AddCarByVinViewController.swift */,
				25BDF71E234FB9DB009DD2E2 /* FinalCheckForVinViewController.swift */,
			);
			path = MyGarage;
			sourceTree = "<group>";
		};
		256810D8234C121000629AEA /* Maintenance */ = {
			isa = PBXGroup;
			children = (
				256810D5234BED2800629AEA /* AddMaintenanceTableViewController.swift */,
				256810CF234BDF0800629AEA /* MaintanenceDetailTableViewController.swift */,
				2558F34C235508D300BDF2DC /* MaintenanceTableViewCell.swift */,
				2558F34E2355265400BDF2DC /* UpdateOdometerViewController.swift */,
				2558F3502356B02800BDF2DC /* AddMaintenanceTextViewController.swift */,
				2558F3522356BF1C00BDF2DC /* AddMaintenancePicAndPriceViewController.swift */,
			);
			path = Maintenance;
			sourceTree = "<group>";
		};
		25C056EA234CFBEC0000D848 /* Map */ = {
			isa = PBXGroup;
			children = (
				25C056EB234D16860000D848 /* MapViewController.swift */,
			);
			path = Map;
			sourceTree = "<group>";
		};
		42022341234FDC56006C60F6 /* Fonts */ = {
			isa = PBXGroup;
			children = (
				42022342234FDC66006C60F6 /* Nunito-Regular.ttf */,
				42CD62E32350D75A001A4B12 /* Nunito-Bold.ttf */,
			);
			path = Fonts;
			sourceTree = "<group>";
		};
		42DFEDAA234DA121004C40D7 /* Record */ = {
			isa = PBXGroup;
			children = (
				428F7CCA2354EE0D006531FC /* ReceiptEntryViewController.swift */,
				42A32338234BD4A400B130A0 /* HistoryViewController.swift */,
				428C8E942352CDEA00AA2E2F /* ReceiptHistoryTableViewController.swift */,
				428C8E962352D0A600AA2E2F /* ReceiptTableViewCell.swift */,
				42A3233E234BEBF300B130A0 /* ReceiptHistoryViewController.swift */,
				42A32340234BEFCC00B130A0 /* ReceiptCollectionViewCell.swift */,
				42E0E981234D04EB00A2ADD5 /* AddReceiptTableViewController.swift */,
			);
			path = Record;
			sourceTree = "<group>";
		};
/* End PBXGroup section */

/* Begin PBXNativeTarget section */
		2568108A2347A7A800629AEA /* AutoTracker */ = {
			isa = PBXNativeTarget;
			buildConfigurationList = 256810A22347A7A900629AEA /* Build configuration list for PBXNativeTarget "AutoTracker" */;
			buildPhases = (
				256810872347A7A800629AEA /* Sources */,
				256810882347A7A800629AEA /* Frameworks */,
				256810892347A7A800629AEA /* Resources */,
			);
			buildRules = (
			);
			dependencies = (
			);
			name = AutoTracker;
			productName = AutoTracker;
			productReference = 2568108B2347A7A800629AEA /* AutoTracker.app */;
			productType = "com.apple.product-type.application";
		};
/* End PBXNativeTarget section */

/* Begin PBXProject section */
		256810832347A7A800629AEA /* Project object */ = {
			isa = PBXProject;
			attributes = {
				LastSwiftUpdateCheck = 1100;
				LastUpgradeCheck = 1100;
				ORGANIZATIONNAME = "Ian Hall";
				TargetAttributes = {
					2568108A2347A7A800629AEA = {
						CreatedOnToolsVersion = 11.0;
					};
				};
			};
			buildConfigurationList = 256810862347A7A800629AEA /* Build configuration list for PBXProject "AutoTracker" */;
			compatibilityVersion = "Xcode 9.3";
			developmentRegion = en;
			hasScannedForEncodings = 0;
			knownRegions = (
				en,
				Base,
			);
			mainGroup = 256810822347A7A800629AEA;
			productRefGroup = 2568108C2347A7A800629AEA /* Products */;
			projectDirPath = "";
			projectRoot = "";
			targets = (
				2568108A2347A7A800629AEA /* AutoTracker */,
			);
		};
/* End PBXProject section */

/* Begin PBXResourcesBuildPhase section */
		256810892347A7A800629AEA /* Resources */ = {
			isa = PBXResourcesBuildPhase;
			buildActionMask = 2147483647;
			files = (
				420223432350D31E006C60F6 /* Nunito-Regular.ttf in Resources */,
				42022340234FC48D006C60F6 /* Colors.xcassets in Resources */,
				2568109E2347A7A900629AEA /* LaunchScreen.storyboard in Resources */,
				423925242347B02F00EABF16 /* FindGas.storyboard in Resources */,
				2568109B2347A7A900629AEA /* Assets.xcassets in Resources */,
				423925292347B04B00EABF16 /* Home.storyboard in Resources */,
				42CD62E42350D75A001A4B12 /* Nunito-Bold.ttf in Resources */,
				4239252B2347B05700EABF16 /* Maintain.storyboard in Resources */,
				256810962347A7A800629AEA /* Main.storyboard in Resources */,
				423925262347B03D00EABF16 /* Record.storyboard in Resources */,
				4239252E2347B06400EABF16 /* MyGarage.storyboard in Resources */,
			);
			runOnlyForDeploymentPostprocessing = 0;
		};
/* End PBXResourcesBuildPhase section */

/* Begin PBXSourcesBuildPhase section */
		256810872347A7A800629AEA /* Sources */ = {
			isa = PBXSourcesBuildPhase;
			buildActionMask = 2147483647;
			files = (
				256810B92347AE0800629AEA /* CarController.swift in Sources */,
				256810B72347AB0C00629AEA /* CoreDataStack.swift in Sources */,
				256810BD2347F1DA00629AEA /* LocationManager.swift in Sources */,
				42A3233B234BE48200B130A0 /* AutoTrackerTextField.swift in Sources */,
				42A32341234BEFCC00B130A0 /* ReceiptCollectionViewCell.swift in Sources */,
				423925342347D75D00EABF16 /* AutoTrackerLabel.swift in Sources */,
				256810B52347AAE100629AEA /* Car+Convenience.swift in Sources */,
				2540E9B02350F89300CC3D83 /* DeviceInfo.swift in Sources */,
				256810CC234BB63C00629AEA /* AutoTrackerButtonAsLabelStyle.swift in Sources */,
				428F7CCB2354EE0D006531FC /* ReceiptEntryViewController.swift in Sources */,
				256810B32347AAAE00629AEA /* Constants.swift in Sources */,
				25C056EE234D1C690000D848 /* Place.swift in Sources */,
				42DFEDAC234E2D42004C40D7 /* AddCarTableViewController.swift in Sources */,
				42A32335234BB05000B130A0 /* RecordViewController.swift in Sources */,
				256810D6234BED2800629AEA /* AddMaintenanceTableViewController.swift in Sources */,
				256810B12347AA6300629AEA /* Receipt+Convenience.swift in Sources */,
				2558F34D235508D300BDF2DC /* MaintenanceTableViewCell.swift in Sources */,
				2558F3532356BF1C00BDF2DC /* AddMaintenancePicAndPriceViewController.swift in Sources */,
				42A32337234BB7FF00B130A0 /* OdometerViewController.swift in Sources */,
				256810992347A7A800629AEA /* AutoTracker.xcdatamodeld in Sources */,
				42A32331234B965800B130A0 /* HomeViewController.swift in Sources */,
				25C056F2234D38A40000D848 /* MapController.swift in Sources */,
				256810D0234BDF0800629AEA /* MaintanenceDetailTableViewController.swift in Sources */,
				42A32333234B9E9900B130A0 /* DateHelper.swift in Sources */,
				2558F34F2355265400BDF2DC /* UpdateOdometerViewController.swift in Sources */,
				428C8E972352D0A600AA2E2F /* ReceiptTableViewCell.swift in Sources */,
				2568108F2347A7A800629AEA /* AppDelegate.swift in Sources */,
				423925382347F0E000EABF16 /* ReceiptController.swift in Sources */,
				25BDF71D234EC8BB009DD2E2 /* AddCarByVinViewController.swift in Sources */,
				428C8E952352CDEA00AA2E2F /* ReceiptHistoryTableViewController.swift in Sources */,
				4202233E234FAAC2006C60F6 /* CustomTabBarController.swift in Sources */,
				42A32339234BD4A400B130A0 /* HistoryViewController.swift in Sources */,
				423925362347DBDF00EABF16 /* MyGarageTableViewCell.swift in Sources */,
				25BDF71F234FB9DB009DD2E2 /* FinalCheckForVinViewController.swift in Sources */,
				25C056EC234D16860000D848 /* MapViewController.swift in Sources */,
				256810BF2347F40D00629AEA /* Maintanence+Convenience.swift in Sources */,
				423925362347DBDF00EABF16 /* MyGarageTableViewCell.swift in Sources */,
				25BDF721234FCA01009DD2E2 /* Reachability.swift in Sources */,
				256810C8234A35AE00629AEA /* MyGarageViewController.swift in Sources */,
				42E0E982234D04EB00A2ADD5 /* AddReceiptTableViewController.swift in Sources */,
				256810BB2347D77200629AEA /* CarJsonCompliance.swift in Sources */,
				42A3233F234BEBF300B130A0 /* ReceiptHistoryViewController.swift in Sources */,
				2558F3512356B02800BDF2DC /* AddMaintenanceTextViewController.swift in Sources */,
				256810D4234BE77800629AEA /* TextFieldStyle.swift in Sources */,
				256810912347A7A800629AEA /* SceneDelegate.swift in Sources */,
				423925322347D72500EABF16 /* StyleGuide.swift in Sources */,
			);
			runOnlyForDeploymentPostprocessing = 0;
		};
/* End PBXSourcesBuildPhase section */

/* Begin PBXVariantGroup section */
		256810942347A7A800629AEA /* Main.storyboard */ = {
			isa = PBXVariantGroup;
			children = (
				256810952347A7A800629AEA /* Base */,
			);
			name = Main.storyboard;
			sourceTree = "<group>";
		};
		2568109C2347A7A900629AEA /* LaunchScreen.storyboard */ = {
			isa = PBXVariantGroup;
			children = (
				2568109D2347A7A900629AEA /* Base */,
			);
			name = LaunchScreen.storyboard;
			sourceTree = "<group>";
		};
		423925222347B02F00EABF16 /* FindGas.storyboard */ = {
			isa = PBXVariantGroup;
			children = (
				423925232347B02F00EABF16 /* Base */,
			);
			name = FindGas.storyboard;
			sourceTree = "<group>";
		};
		423925272347B04B00EABF16 /* Home.storyboard */ = {
			isa = PBXVariantGroup;
			children = (
				423925282347B04B00EABF16 /* Base */,
			);
			name = Home.storyboard;
			sourceTree = "<group>";
		};
		4239252C2347B06400EABF16 /* MyGarage.storyboard */ = {
			isa = PBXVariantGroup;
			children = (
				4239252D2347B06400EABF16 /* Base */,
			);
			name = MyGarage.storyboard;
			sourceTree = "<group>";
		};
/* End PBXVariantGroup section */

/* Begin XCBuildConfiguration section */
		256810A02347A7A900629AEA /* Debug */ = {
			isa = XCBuildConfiguration;
			buildSettings = {
				ALWAYS_SEARCH_USER_PATHS = NO;
				CLANG_ANALYZER_NONNULL = YES;
				CLANG_ANALYZER_NUMBER_OBJECT_CONVERSION = YES_AGGRESSIVE;
				CLANG_CXX_LANGUAGE_STANDARD = "gnu++14";
				CLANG_CXX_LIBRARY = "libc++";
				CLANG_ENABLE_MODULES = YES;
				CLANG_ENABLE_OBJC_ARC = YES;
				CLANG_ENABLE_OBJC_WEAK = YES;
				CLANG_WARN_BLOCK_CAPTURE_AUTORELEASING = YES;
				CLANG_WARN_BOOL_CONVERSION = YES;
				CLANG_WARN_COMMA = YES;
				CLANG_WARN_CONSTANT_CONVERSION = YES;
				CLANG_WARN_DEPRECATED_OBJC_IMPLEMENTATIONS = YES;
				CLANG_WARN_DIRECT_OBJC_ISA_USAGE = YES_ERROR;
				CLANG_WARN_DOCUMENTATION_COMMENTS = YES;
				CLANG_WARN_EMPTY_BODY = YES;
				CLANG_WARN_ENUM_CONVERSION = YES;
				CLANG_WARN_INFINITE_RECURSION = YES;
				CLANG_WARN_INT_CONVERSION = YES;
				CLANG_WARN_NON_LITERAL_NULL_CONVERSION = YES;
				CLANG_WARN_OBJC_IMPLICIT_RETAIN_SELF = YES;
				CLANG_WARN_OBJC_LITERAL_CONVERSION = YES;
				CLANG_WARN_OBJC_ROOT_CLASS = YES_ERROR;
				CLANG_WARN_RANGE_LOOP_ANALYSIS = YES;
				CLANG_WARN_STRICT_PROTOTYPES = YES;
				CLANG_WARN_SUSPICIOUS_MOVE = YES;
				CLANG_WARN_UNGUARDED_AVAILABILITY = YES_AGGRESSIVE;
				CLANG_WARN_UNREACHABLE_CODE = YES;
				CLANG_WARN__DUPLICATE_METHOD_MATCH = YES;
				COPY_PHASE_STRIP = NO;
				DEBUG_INFORMATION_FORMAT = dwarf;
				ENABLE_STRICT_OBJC_MSGSEND = YES;
				ENABLE_TESTABILITY = YES;
				GCC_C_LANGUAGE_STANDARD = gnu11;
				GCC_DYNAMIC_NO_PIC = NO;
				GCC_NO_COMMON_BLOCKS = YES;
				GCC_OPTIMIZATION_LEVEL = 0;
				GCC_PREPROCESSOR_DEFINITIONS = (
					"DEBUG=1",
					"$(inherited)",
				);
				GCC_WARN_64_TO_32_BIT_CONVERSION = YES;
				GCC_WARN_ABOUT_RETURN_TYPE = YES_ERROR;
				GCC_WARN_UNDECLARED_SELECTOR = YES;
				GCC_WARN_UNINITIALIZED_AUTOS = YES_AGGRESSIVE;
				GCC_WARN_UNUSED_FUNCTION = YES;
				GCC_WARN_UNUSED_VARIABLE = YES;
				IPHONEOS_DEPLOYMENT_TARGET = 13.0;
				MTL_ENABLE_DEBUG_INFO = INCLUDE_SOURCE;
				MTL_FAST_MATH = YES;
				ONLY_ACTIVE_ARCH = YES;
				SDKROOT = iphoneos;
				SWIFT_ACTIVE_COMPILATION_CONDITIONS = DEBUG;
				SWIFT_OPTIMIZATION_LEVEL = "-Onone";
			};
			name = Debug;
		};
		256810A12347A7A900629AEA /* Release */ = {
			isa = XCBuildConfiguration;
			buildSettings = {
				ALWAYS_SEARCH_USER_PATHS = NO;
				CLANG_ANALYZER_NONNULL = YES;
				CLANG_ANALYZER_NUMBER_OBJECT_CONVERSION = YES_AGGRESSIVE;
				CLANG_CXX_LANGUAGE_STANDARD = "gnu++14";
				CLANG_CXX_LIBRARY = "libc++";
				CLANG_ENABLE_MODULES = YES;
				CLANG_ENABLE_OBJC_ARC = YES;
				CLANG_ENABLE_OBJC_WEAK = YES;
				CLANG_WARN_BLOCK_CAPTURE_AUTORELEASING = YES;
				CLANG_WARN_BOOL_CONVERSION = YES;
				CLANG_WARN_COMMA = YES;
				CLANG_WARN_CONSTANT_CONVERSION = YES;
				CLANG_WARN_DEPRECATED_OBJC_IMPLEMENTATIONS = YES;
				CLANG_WARN_DIRECT_OBJC_ISA_USAGE = YES_ERROR;
				CLANG_WARN_DOCUMENTATION_COMMENTS = YES;
				CLANG_WARN_EMPTY_BODY = YES;
				CLANG_WARN_ENUM_CONVERSION = YES;
				CLANG_WARN_INFINITE_RECURSION = YES;
				CLANG_WARN_INT_CONVERSION = YES;
				CLANG_WARN_NON_LITERAL_NULL_CONVERSION = YES;
				CLANG_WARN_OBJC_IMPLICIT_RETAIN_SELF = YES;
				CLANG_WARN_OBJC_LITERAL_CONVERSION = YES;
				CLANG_WARN_OBJC_ROOT_CLASS = YES_ERROR;
				CLANG_WARN_RANGE_LOOP_ANALYSIS = YES;
				CLANG_WARN_STRICT_PROTOTYPES = YES;
				CLANG_WARN_SUSPICIOUS_MOVE = YES;
				CLANG_WARN_UNGUARDED_AVAILABILITY = YES_AGGRESSIVE;
				CLANG_WARN_UNREACHABLE_CODE = YES;
				CLANG_WARN__DUPLICATE_METHOD_MATCH = YES;
				COPY_PHASE_STRIP = NO;
				DEBUG_INFORMATION_FORMAT = "dwarf-with-dsym";
				ENABLE_NS_ASSERTIONS = NO;
				ENABLE_STRICT_OBJC_MSGSEND = YES;
				GCC_C_LANGUAGE_STANDARD = gnu11;
				GCC_NO_COMMON_BLOCKS = YES;
				GCC_WARN_64_TO_32_BIT_CONVERSION = YES;
				GCC_WARN_ABOUT_RETURN_TYPE = YES_ERROR;
				GCC_WARN_UNDECLARED_SELECTOR = YES;
				GCC_WARN_UNINITIALIZED_AUTOS = YES_AGGRESSIVE;
				GCC_WARN_UNUSED_FUNCTION = YES;
				GCC_WARN_UNUSED_VARIABLE = YES;
				IPHONEOS_DEPLOYMENT_TARGET = 13.0;
				MTL_ENABLE_DEBUG_INFO = NO;
				MTL_FAST_MATH = YES;
				SDKROOT = iphoneos;
				SWIFT_COMPILATION_MODE = wholemodule;
				SWIFT_OPTIMIZATION_LEVEL = "-O";
				VALIDATE_PRODUCT = YES;
			};
			name = Release;
		};
		256810A32347A7A900629AEA /* Debug */ = {
			isa = XCBuildConfiguration;
			buildSettings = {
				ASSETCATALOG_COMPILER_APPICON_NAME = AppIcon;
				CODE_SIGN_ENTITLEMENTS = AutoTracker/AutoTracker.entitlements;
				CODE_SIGN_STYLE = Automatic;
				DEVELOPMENT_TEAM = 38AN8KZ7HW;
				INFOPLIST_FILE = AutoTracker/Info.plist;
				LD_RUNPATH_SEARCH_PATHS = (
					"$(inherited)",
					"@executable_path/Frameworks",
				);
				PRODUCT_BUNDLE_IDENTIFIER = com.IanH411.AutoTracker2;
				PRODUCT_NAME = "$(TARGET_NAME)";
				SWIFT_VERSION = 5.0;
				TARGETED_DEVICE_FAMILY = "1,2";
			};
			name = Debug;
		};
		256810A42347A7A900629AEA /* Release */ = {
			isa = XCBuildConfiguration;
			buildSettings = {
				ASSETCATALOG_COMPILER_APPICON_NAME = AppIcon;
				CODE_SIGN_ENTITLEMENTS = AutoTracker/AutoTracker.entitlements;
				CODE_SIGN_STYLE = Automatic;
				DEVELOPMENT_TEAM = 38AN8KZ7HW;
				INFOPLIST_FILE = AutoTracker/Info.plist;
				LD_RUNPATH_SEARCH_PATHS = (
					"$(inherited)",
					"@executable_path/Frameworks",
				);
				PRODUCT_BUNDLE_IDENTIFIER = com.IanH411.AutoTracker2;
				PRODUCT_NAME = "$(TARGET_NAME)";
				SWIFT_VERSION = 5.0;
				TARGETED_DEVICE_FAMILY = "1,2";
			};
			name = Release;
		};
/* End XCBuildConfiguration section */

/* Begin XCConfigurationList section */
		256810862347A7A800629AEA /* Build configuration list for PBXProject "AutoTracker" */ = {
			isa = XCConfigurationList;
			buildConfigurations = (
				256810A02347A7A900629AEA /* Debug */,
				256810A12347A7A900629AEA /* Release */,
			);
			defaultConfigurationIsVisible = 0;
			defaultConfigurationName = Release;
		};
		256810A22347A7A900629AEA /* Build configuration list for PBXNativeTarget "AutoTracker" */ = {
			isa = XCConfigurationList;
			buildConfigurations = (
				256810A32347A7A900629AEA /* Debug */,
				256810A42347A7A900629AEA /* Release */,
			);
			defaultConfigurationIsVisible = 0;
			defaultConfigurationName = Release;
		};
/* End XCConfigurationList section */

/* Begin XCVersionGroup section */
		256810972347A7A800629AEA /* AutoTracker.xcdatamodeld */ = {
			isa = XCVersionGroup;
			children = (
				256810982347A7A800629AEA /* AutoTracker.xcdatamodel */,
			);
			currentVersion = 256810982347A7A800629AEA /* AutoTracker.xcdatamodel */;
			path = AutoTracker.xcdatamodeld;
			sourceTree = "<group>";
			versionGroupType = wrapper.xcdatamodel;
		};
/* End XCVersionGroup section */
	};
	rootObject = 256810832347A7A800629AEA /* Project object */;
}
